{
  "pins" : [
    {
      "identity" : "domains",
      "kind" : "remoteSourceControl",
      "location" : "https://github.com/privacy-inc/domains.git",
      "state" : {
        "branch" : "main",
        "revision" : "6a28773def20ecf32ded220563fd95bd3cf9f0c7"
      }
    },
    {
      "identity" : "package",
      "kind" : "remoteSourceControl",
      "location" : "https://github.com/archivable/package.git",
      "state" : {
        "branch" : "main",
        "revision" : "7daf13efb6bac4a0db632f700045c0e966ab980a"
      }
    },
    {
      "identity" : "specs",
      "kind" : "remoteSourceControl",
      "location" : "https://github.com/privacy-inc/specs.git",
      "state" : {
        "branch" : "main",
        "revision" : "47db92bb54f7bfc05e70da09efc3bec901660f36"
      }
    }
  ],
  "version" : 2
}
