{
  "object": {
    "pins": [
      {
        "package": "Domains",
        "repositoryURL": "https://github.com/privacy-inc/domains.git",
        "state": {
          "branch": "main",
          "revision": "433c49654ef0e5253f39fd5abdace1996dc32844",
          "version": null
        }
      },
      {
        "package": "Archivable",
        "repositoryURL": "https://github.com/archivable/package.git",
        "state": {
          "branch": "main",
          "revision": "4c3b024ffa2de7cadd0702cf0b91d67c904272f1",
          "version": null
        }
      },
      {
        "package": "Specs",
        "repositoryURL": "https://github.com/privacy-inc/specs.git",
        "state": {
          "branch": "main",
          "revision": "1b4125e8b73a249cd410f32a3c659f30560d6e2d",
          "version": null
        }
      }
    ]
  },
  "version": 1
}
