{
  "object": {
    "pins": [
      {
        "package": "Domains",
        "repositoryURL": "https://github.com/privacy-inc/domains.git",
        "state": {
          "branch": "main",
          "revision": "0448eceecc9913a17931c8f74f4a0126e66970bb",
          "version": null
        }
      },
      {
        "package": "Archivable",
        "repositoryURL": "https://github.com/archivable/package.git",
        "state": {
          "branch": "main",
          "revision": "4ccf9c33ec99ae0eab34f8e2aa446761ca801c22",
          "version": null
        }
      },
      {
        "package": "Specs",
        "repositoryURL": "https://github.com/privacy-inc/specs.git",
        "state": {
          "branch": "main",
          "revision": "dd24e154ea9bdd5fffff3b416a1420437c7b3b2f",
          "version": null
        }
      }
    ]
  },
  "version": 1
}
