// !$*UTF8*$!
{
	archiveVersion = 1;
	classes = {
	};
	objectVersion = 55;
	objects = {

/* Begin PBXBuildFile section */
		CE0816552705C56B00E2D44E /* Tab.Loading.swift in Sources */ = {isa = PBXBuildFile; fileRef = CE0816542705C56B00E2D44E /* Tab.Loading.swift */; };
		CE0F2D4927074C5400B63060 /* Landing.Edit.Content.swift in Sources */ = {isa = PBXBuildFile; fileRef = CE0F2D4827074C5400B63060 /* Landing.Edit.Content.swift */; };
		CE17244926F8E9B300C2CED5 /* Status.Flow.swift in Sources */ = {isa = PBXBuildFile; fileRef = CE17244826F8E9B300C2CED5 /* Status.Flow.swift */; };
		CE17244B26F8EEA500C2CED5 /* Landing.swift in Sources */ = {isa = PBXBuildFile; fileRef = CE17244A26F8EEA500C2CED5 /* Landing.swift */; };
		CE17244F26F9094700C2CED5 /* Landing.Bookmarks.swift in Sources */ = {isa = PBXBuildFile; fileRef = CE17244E26F9094700C2CED5 /* Landing.Bookmarks.swift */; };
		CE17245126F909AC00C2CED5 /* Landing.History.swift in Sources */ = {isa = PBXBuildFile; fileRef = CE17245026F909AC00C2CED5 /* Landing.History.swift */; };
		CE1D9C3226FB6883004F8B6B /* Status.swift in Sources */ = {isa = PBXBuildFile; fileRef = CE1D9C3126FB6883004F8B6B /* Status.swift */; };
		CE1ECE42271B229E00A4329A /* Landing.Bookmarks.Item.Other.swift in Sources */ = {isa = PBXBuildFile; fileRef = CE1ECE41271B229E00A4329A /* Landing.Bookmarks.Item.Other.swift */; };
		CE22EAF82720224F00A9B29B /* About.swift in Sources */ = {isa = PBXBuildFile; fileRef = CE22EAF72720224E00A9B29B /* About.swift */; };
		CE22EAFA27202EAF00A9B29B /* Info.swift in Sources */ = {isa = PBXBuildFile; fileRef = CE22EAF927202EAF00A9B29B /* Info.swift */; };
		CE22EAFC272037BE00A9B29B /* Plus.swift in Sources */ = {isa = PBXBuildFile; fileRef = CE22EAFB272037BE00A9B29B /* Plus.swift */; };
		CE22EAFE2720390400A9B29B /* Plus.Banner.swift in Sources */ = {isa = PBXBuildFile; fileRef = CE22EAFD2720390400A9B29B /* Plus.Banner.swift */; };
		CE383746270DD0FC006A8FE7 /* Trackers.swift in Sources */ = {isa = PBXBuildFile; fileRef = CE383745270DD0FC006A8FE7 /* Trackers.swift */; };
		CE398B702715893200029FFC /* Find.swift in Sources */ = {isa = PBXBuildFile; fileRef = CE398B6F2715893200029FFC /* Find.swift */; };
		CE3B64FE27199CD10040AD0A /* Search.Item.swift in Sources */ = {isa = PBXBuildFile; fileRef = CE3B64FD27199CD10040AD0A /* Search.Item.swift */; };
		CE3B65002719B1B60040AD0A /* Settings.Notifications.swift in Sources */ = {isa = PBXBuildFile; fileRef = CE3B64FF2719B1B60040AD0A /* Settings.Notifications.swift */; };
		CE3B65022719B23A0040AD0A /* Settings.Features.swift in Sources */ = {isa = PBXBuildFile; fileRef = CE3B65012719B23A0040AD0A /* Settings.Features.swift */; };
		CE4047E727070BD800E101D1 /* Sidebar.swift in Sources */ = {isa = PBXBuildFile; fileRef = CE4047E627070BD800E101D1 /* Sidebar.swift */; };
		CE4047E92707115800E101D1 /* Action.swift in Sources */ = {isa = PBXBuildFile; fileRef = CE4047E82707115800E101D1 /* Action.swift */; };
		CE4047EB270721C000E101D1 /* Bookmarks.swift in Sources */ = {isa = PBXBuildFile; fileRef = CE4047EA270721C000E101D1 /* Bookmarks.swift */; };
		CE4047ED2707235000E101D1 /* Listed.swift in Sources */ = {isa = PBXBuildFile; fileRef = CE4047EC2707235000E101D1 /* Listed.swift */; };
		CE4047EF2707247400E101D1 /* UIImage.swift in Sources */ = {isa = PBXBuildFile; fileRef = CE4047EE2707247400E101D1 /* UIImage.swift */; };
		CE4047F1270726BA00E101D1 /* Listed.Remote.swift in Sources */ = {isa = PBXBuildFile; fileRef = CE4047F0270726BA00E101D1 /* Listed.Remote.swift */; };
		CE46B4DE26F797F600A5B5BB /* App.swift in Sources */ = {isa = PBXBuildFile; fileRef = CE46B4DD26F797F600A5B5BB /* App.swift */; };
		CE46B4E226F797F700A5B5BB /* Assets.xcassets in Resources */ = {isa = PBXBuildFile; fileRef = CE46B4E126F797F700A5B5BB /* Assets.xcassets */; };
		CE46B4EB26F7982200A5B5BB /* Colours.xcassets in Resources */ = {isa = PBXBuildFile; fileRef = CE46B4EA26F7982200A5B5BB /* Colours.xcassets */; };
		CE46B4EE26F7993A00A5B5BB /* Specs in Frameworks */ = {isa = PBXBuildFile; productRef = CE46B4ED26F7993A00A5B5BB /* Specs */; };
		CE470A6426F9DE8F002D560A /* Landing.Section.swift in Sources */ = {isa = PBXBuildFile; fileRef = CE470A6326F9DE8F002D560A /* Landing.Section.swift */; };
		CE470A6626FA0AEB002D560A /* Bar.swift in Sources */ = {isa = PBXBuildFile; fileRef = CE470A6526FA0AEB002D560A /* Bar.swift */; };
		CE470A6826FA0F3C002D560A /* Landing.Trackers.swift in Sources */ = {isa = PBXBuildFile; fileRef = CE470A6726FA0F3C002D560A /* Landing.Trackers.swift */; };
		CE470A6A26FA10CB002D560A /* Card.swift in Sources */ = {isa = PBXBuildFile; fileRef = CE470A6926FA10CB002D560A /* Card.swift */; };
		CE470A6D26FA1DB2002D560A /* Images.xcassets in Resources */ = {isa = PBXBuildFile; fileRef = CE470A6C26FA1DB2002D560A /* Images.xcassets */; };
		CE470A6F26FA2284002D560A /* Landing.Activity.swift in Sources */ = {isa = PBXBuildFile; fileRef = CE470A6E26FA2284002D560A /* Landing.Activity.swift */; };
		CE480E34271C802C00774E5C /* Landing.Edit.swift in Sources */ = {isa = PBXBuildFile; fileRef = CE480E33271C802C00774E5C /* Landing.Edit.swift */; };
		CE480E36271C835000774E5C /* Options.swift in Sources */ = {isa = PBXBuildFile; fileRef = CE480E35271C835000774E5C /* Options.swift */; };
		CE4A6DAD2702289000458E9B /* Landing.History.Item.swift in Sources */ = {isa = PBXBuildFile; fileRef = CE4A6DAC2702289000458E9B /* Landing.History.Item.swift */; };
		CE53276A271B13FA005C55D5 /* Status.Item.swift in Sources */ = {isa = PBXBuildFile; fileRef = CE532769271B13FA005C55D5 /* Status.Item.swift */; };
		CE54E13B27133A390013541F /* Options.Content.Action.swift in Sources */ = {isa = PBXBuildFile; fileRef = CE54E13A27133A390013541F /* Options.Content.Action.swift */; };
		CE571DD12705DC270032C8A8 /* Options.Content.Control.swift in Sources */ = {isa = PBXBuildFile; fileRef = CE571DD02705DC270032C8A8 /* Options.Content.Control.swift */; };
		CE63A0B02719C34D00756E02 /* Settings.Navigation.swift in Sources */ = {isa = PBXBuildFile; fileRef = CE63A0AF2719C34D00756E02 /* Settings.Navigation.swift */; };
		CE63A0B42719CCB800756E02 /* Settings.Javascript.swift in Sources */ = {isa = PBXBuildFile; fileRef = CE63A0B32719CCB800756E02 /* Settings.Javascript.swift */; };
		CE63A0B62719CD6E00756E02 /* Settings.Location.swift in Sources */ = {isa = PBXBuildFile; fileRef = CE63A0B52719CD6E00756E02 /* Settings.Location.swift */; };
		CE63A0B82719CF6F00756E02 /* Settings.Browser.swift in Sources */ = {isa = PBXBuildFile; fileRef = CE63A0B72719CF6F00756E02 /* Settings.Browser.swift */; };
		CE63F094271453CC00918E54 /* Options.Share.swift in Sources */ = {isa = PBXBuildFile; fileRef = CE63F093271453CC00918E54 /* Options.Share.swift */; };
		CE6FE9A727031D9C00403ADA /* Icon.swift in Sources */ = {isa = PBXBuildFile; fileRef = CE6FE9A627031D9C00403ADA /* Icon.swift */; };
		CE6FE9A927031FCB00403ADA /* Landing.History.Item.Remote.swift in Sources */ = {isa = PBXBuildFile; fileRef = CE6FE9A827031FCB00403ADA /* Landing.History.Item.Remote.swift */; };
		CE6FE9AB2703345C00403ADA /* Tabs.Item.swift in Sources */ = {isa = PBXBuildFile; fileRef = CE6FE9AA2703345C00403ADA /* Tabs.Item.swift */; };
		CE7DAB7626FB42DF00BEAA0F /* Int.swift in Sources */ = {isa = PBXBuildFile; fileRef = CE7DAB7526FB42DF00BEAA0F /* Int.swift */; };
		CE7DAB7826FB49CE00BEAA0F /* UIApplication.swift in Sources */ = {isa = PBXBuildFile; fileRef = CE7DAB7726FB49CE00BEAA0F /* UIApplication.swift */; };
		CE80B8B8271EDE5E001A7BEC /* Forget.swift in Sources */ = {isa = PBXBuildFile; fileRef = CE80B8B7271EDE5E001A7BEC /* Forget.swift */; };
		CE8422C727171D83007D7A0B /* Recover.swift in Sources */ = {isa = PBXBuildFile; fileRef = CE8422C627171D83007D7A0B /* Recover.swift */; };
		CE862AA7270C869F0039630B /* Webview.Code.swift in Sources */ = {isa = PBXBuildFile; fileRef = CE862AA6270C869F0039630B /* Webview.Code.swift */; };
		CE8AF27C26FF698A00F6655F /* Global.swift in Sources */ = {isa = PBXBuildFile; fileRef = CE8AF27B26FF698A00F6655F /* Global.swift */; };
		CE8DFC1D2707424D00229E92 /* History.swift in Sources */ = {isa = PBXBuildFile; fileRef = CE8DFC1C2707424D00229E92 /* History.swift */; };
		CE90BB18271B363200F59AF6 /* Window.swift in Sources */ = {isa = PBXBuildFile; fileRef = CE90BB17271B363200F59AF6 /* Window.swift */; };
		CE91AA25270878E10061A512 /* Landing.Edit.Content.Item.swift in Sources */ = {isa = PBXBuildFile; fileRef = CE91AA24270878E10061A512 /* Landing.Edit.Content.Item.swift */; };
		CE91AA27270882790061A512 /* Landing.Edit.Representable.swift in Sources */ = {isa = PBXBuildFile; fileRef = CE91AA26270882790061A512 /* Landing.Edit.Representable.swift */; };
		CE9424EB270F4A06002225CE /* Activity.swift in Sources */ = {isa = PBXBuildFile; fileRef = CE9424EA270F4A06002225CE /* Activity.swift */; };
		CE99B051272167660077BAC6 /* Plus.Banner.Model.swift in Sources */ = {isa = PBXBuildFile; fileRef = CE99B050272167660077BAC6 /* Plus.Banner.Model.swift */; };
		CE9B637026FC8B6200CD4DCE /* Search.swift in Sources */ = {isa = PBXBuildFile; fileRef = CE9B636F26FC8B6200CD4DCE /* Search.swift */; };
		CE9B637226FC8BA700CD4DCE /* Search.Representable.swift in Sources */ = {isa = PBXBuildFile; fileRef = CE9B637126FC8BA700CD4DCE /* Search.Representable.swift */; };
		CE9B637626FCA05800CD4DCE /* Search.Header.swift in Sources */ = {isa = PBXBuildFile; fileRef = CE9B637526FCA05800CD4DCE /* Search.Header.swift */; };
		CE9B93F026F89BA6005E1D7F /* Tab.swift in Sources */ = {isa = PBXBuildFile; fileRef = CE9B93EF26F89BA6005E1D7F /* Tab.swift */; };
		CE9B93F226F89E6D005E1D7F /* Tabs.swift in Sources */ = {isa = PBXBuildFile; fileRef = CE9B93F126F89E6D005E1D7F /* Tabs.swift */; };
		CE9B93F426F89F1E005E1D7F /* Navigation.swift in Sources */ = {isa = PBXBuildFile; fileRef = CE9B93F326F89F1E005E1D7F /* Navigation.swift */; };
		CE9DFA0D2706136500D69810 /* Settings.swift in Sources */ = {isa = PBXBuildFile; fileRef = CE9DFA0C2706136500D69810 /* Settings.swift */; };
		CE9DFA0F27061D5400D69810 /* Copy.swift in Sources */ = {isa = PBXBuildFile; fileRef = CE9DFA0E27061D5400D69810 /* Copy.swift */; };
		CE9DFA112706275C00D69810 /* Landing.Bookmarks.Item.swift in Sources */ = {isa = PBXBuildFile; fileRef = CE9DFA102706275C00D69810 /* Landing.Bookmarks.Item.swift */; };
		CE9DFA132706285B00D69810 /* Landing.Bookmarks.Item.Remote.swift in Sources */ = {isa = PBXBuildFile; fileRef = CE9DFA122706285B00D69810 /* Landing.Bookmarks.Item.Remote.swift */; };
		CEA169E0271059CD00173AE7 /* Timeline.swift in Sources */ = {isa = PBXBuildFile; fileRef = CEA169DF271059CD00173AE7 /* Timeline.swift */; };
		CEAAFB2327009BE100149F0C /* StoreKit.framework in Frameworks */ = {isa = PBXBuildFile; fileRef = CEAAFB2227009BE100149F0C /* StoreKit.framework */; };
		CEAAFB2527009C1E00149F0C /* CloudKit.framework in Frameworks */ = {isa = PBXBuildFile; fileRef = CEAAFB2427009C1E00149F0C /* CloudKit.framework */; };
		CEAAFB2727009E4000149F0C /* App.Delegate.swift in Sources */ = {isa = PBXBuildFile; fileRef = CEAAFB2627009E4000149F0C /* App.Delegate.swift */; };
		CEAAFB2B27009E9600149F0C /* Store.State.swift in Sources */ = {isa = PBXBuildFile; fileRef = CEAAFB2827009E9600149F0C /* Store.State.swift */; };
		CEAAFB2C27009E9600149F0C /* UNUserNotificationCenter.swift in Sources */ = {isa = PBXBuildFile; fileRef = CEAAFB2927009E9600149F0C /* UNUserNotificationCenter.swift */; };
		CEAAFB2D27009E9600149F0C /* Store.swift in Sources */ = {isa = PBXBuildFile; fileRef = CEAAFB2A27009E9600149F0C /* Store.swift */; };
		CEAAFB2F27009ED400149F0C /* Transaction.swift in Sources */ = {isa = PBXBuildFile; fileRef = CEAAFB2E27009ED400149F0C /* Transaction.swift */; };
		CED63AEA27047E5A001C8183 /* Options.Representable.swift in Sources */ = {isa = PBXBuildFile; fileRef = CED63AE927047E5A001C8183 /* Options.Representable.swift */; };
		CED63AEC27048150001C8183 /* Options.Content.swift in Sources */ = {isa = PBXBuildFile; fileRef = CED63AEB27048150001C8183 /* Options.Content.swift */; };
		CEF5548426FDD4F000FE0E9C /* Webview.swift in Sources */ = {isa = PBXBuildFile; fileRef = CEF5548226FDD4F000FE0E9C /* Webview.swift */; };
		CEF5548926FDD4FA00FE0E9C /* Web.swift in Sources */ = {isa = PBXBuildFile; fileRef = CEF5548726FDD4FA00FE0E9C /* Web.swift */; };
		CEFEAAAD272069210073149D /* Plus.Banner.Particle.swift in Sources */ = {isa = PBXBuildFile; fileRef = CEFEAAAC272069210073149D /* Plus.Banner.Particle.swift */; };
		CEFEAAAF27206F9B0073149D /* Plus.Banner.Shine.swift in Sources */ = {isa = PBXBuildFile; fileRef = CEFEAAAE27206F9B0073149D /* Plus.Banner.Shine.swift */; };
/* End PBXBuildFile section */

/* Begin PBXFileReference section */
		CE0816542705C56B00E2D44E /* Tab.Loading.swift */ = {isa = PBXFileReference; lastKnownFileType = sourcecode.swift; path = Tab.Loading.swift; sourceTree = "<group>"; };
		CE0F2D4827074C5400B63060 /* Landing.Edit.Content.swift */ = {isa = PBXFileReference; lastKnownFileType = sourcecode.swift; path = Landing.Edit.Content.swift; sourceTree = "<group>"; };
		CE17244826F8E9B300C2CED5 /* Status.Flow.swift */ = {isa = PBXFileReference; lastKnownFileType = sourcecode.swift; path = Status.Flow.swift; sourceTree = "<group>"; };
		CE17244A26F8EEA500C2CED5 /* Landing.swift */ = {isa = PBXFileReference; lastKnownFileType = sourcecode.swift; path = Landing.swift; sourceTree = "<group>"; };
		CE17244E26F9094700C2CED5 /* Landing.Bookmarks.swift */ = {isa = PBXFileReference; lastKnownFileType = sourcecode.swift; path = Landing.Bookmarks.swift; sourceTree = "<group>"; };
		CE17245026F909AC00C2CED5 /* Landing.History.swift */ = {isa = PBXFileReference; lastKnownFileType = sourcecode.swift; path = Landing.History.swift; sourceTree = "<group>"; };
		CE1D9C3126FB6883004F8B6B /* Status.swift */ = {isa = PBXFileReference; lastKnownFileType = sourcecode.swift; path = Status.swift; sourceTree = "<group>"; };
		CE1ECE41271B229E00A4329A /* Landing.Bookmarks.Item.Other.swift */ = {isa = PBXFileReference; lastKnownFileType = sourcecode.swift; path = Landing.Bookmarks.Item.Other.swift; sourceTree = "<group>"; };
		CE22EAF72720224E00A9B29B /* About.swift */ = {isa = PBXFileReference; lastKnownFileType = sourcecode.swift; path = About.swift; sourceTree = "<group>"; };
		CE22EAF927202EAF00A9B29B /* Info.swift */ = {isa = PBXFileReference; lastKnownFileType = sourcecode.swift; path = Info.swift; sourceTree = "<group>"; };
		CE22EAFB272037BE00A9B29B /* Plus.swift */ = {isa = PBXFileReference; lastKnownFileType = sourcecode.swift; path = Plus.swift; sourceTree = "<group>"; };
		CE22EAFD2720390400A9B29B /* Plus.Banner.swift */ = {isa = PBXFileReference; lastKnownFileType = sourcecode.swift; path = Plus.Banner.swift; sourceTree = "<group>"; };
		CE383745270DD0FC006A8FE7 /* Trackers.swift */ = {isa = PBXFileReference; lastKnownFileType = sourcecode.swift; path = Trackers.swift; sourceTree = "<group>"; };
		CE398B6F2715893200029FFC /* Find.swift */ = {isa = PBXFileReference; lastKnownFileType = sourcecode.swift; path = Find.swift; sourceTree = "<group>"; };
		CE3B64FD27199CD10040AD0A /* Search.Item.swift */ = {isa = PBXFileReference; lastKnownFileType = sourcecode.swift; path = Search.Item.swift; sourceTree = "<group>"; };
		CE3B64FF2719B1B60040AD0A /* Settings.Notifications.swift */ = {isa = PBXFileReference; lastKnownFileType = sourcecode.swift; path = Settings.Notifications.swift; sourceTree = "<group>"; };
		CE3B65012719B23A0040AD0A /* Settings.Features.swift */ = {isa = PBXFileReference; lastKnownFileType = sourcecode.swift; path = Settings.Features.swift; sourceTree = "<group>"; };
		CE4047E627070BD800E101D1 /* Sidebar.swift */ = {isa = PBXFileReference; lastKnownFileType = sourcecode.swift; path = Sidebar.swift; sourceTree = "<group>"; };
		CE4047E82707115800E101D1 /* Action.swift */ = {isa = PBXFileReference; lastKnownFileType = sourcecode.swift; path = Action.swift; sourceTree = "<group>"; };
		CE4047EA270721C000E101D1 /* Bookmarks.swift */ = {isa = PBXFileReference; lastKnownFileType = sourcecode.swift; path = Bookmarks.swift; sourceTree = "<group>"; };
		CE4047EC2707235000E101D1 /* Listed.swift */ = {isa = PBXFileReference; lastKnownFileType = sourcecode.swift; path = Listed.swift; sourceTree = "<group>"; };
		CE4047EE2707247400E101D1 /* UIImage.swift */ = {isa = PBXFileReference; lastKnownFileType = sourcecode.swift; path = UIImage.swift; sourceTree = "<group>"; };
		CE4047F0270726BA00E101D1 /* Listed.Remote.swift */ = {isa = PBXFileReference; lastKnownFileType = sourcecode.swift; path = Listed.Remote.swift; sourceTree = "<group>"; };
		CE46B4DA26F797F600A5B5BB /* Privacy.app */ = {isa = PBXFileReference; explicitFileType = wrapper.application; includeInIndex = 0; path = Privacy.app; sourceTree = BUILT_PRODUCTS_DIR; };
		CE46B4DD26F797F600A5B5BB /* App.swift */ = {isa = PBXFileReference; lastKnownFileType = sourcecode.swift; path = App.swift; sourceTree = "<group>"; };
		CE46B4E126F797F700A5B5BB /* Assets.xcassets */ = {isa = PBXFileReference; lastKnownFileType = folder.assetcatalog; path = Assets.xcassets; sourceTree = "<group>"; };
		CE46B4EA26F7982200A5B5BB /* Colours.xcassets */ = {isa = PBXFileReference; lastKnownFileType = folder.assetcatalog; path = Colours.xcassets; sourceTree = "<group>"; };
		CE46B4EF26F79B2200A5B5BB /* Info.plist */ = {isa = PBXFileReference; lastKnownFileType = text.plist; path = Info.plist; sourceTree = "<group>"; };
		CE470A6326F9DE8F002D560A /* Landing.Section.swift */ = {isa = PBXFileReference; lastKnownFileType = sourcecode.swift; path = Landing.Section.swift; sourceTree = "<group>"; };
		CE470A6526FA0AEB002D560A /* Bar.swift */ = {isa = PBXFileReference; lastKnownFileType = sourcecode.swift; path = Bar.swift; sourceTree = "<group>"; };
		CE470A6726FA0F3C002D560A /* Landing.Trackers.swift */ = {isa = PBXFileReference; lastKnownFileType = sourcecode.swift; path = Landing.Trackers.swift; sourceTree = "<group>"; };
		CE470A6926FA10CB002D560A /* Card.swift */ = {isa = PBXFileReference; lastKnownFileType = sourcecode.swift; path = Card.swift; sourceTree = "<group>"; };
		CE470A6C26FA1DB2002D560A /* Images.xcassets */ = {isa = PBXFileReference; lastKnownFileType = folder.assetcatalog; path = Images.xcassets; sourceTree = "<group>"; };
		CE470A6E26FA2284002D560A /* Landing.Activity.swift */ = {isa = PBXFileReference; lastKnownFileType = sourcecode.swift; path = Landing.Activity.swift; sourceTree = "<group>"; };
		CE480E33271C802C00774E5C /* Landing.Edit.swift */ = {isa = PBXFileReference; lastKnownFileType = sourcecode.swift; path = Landing.Edit.swift; sourceTree = "<group>"; };
		CE480E35271C835000774E5C /* Options.swift */ = {isa = PBXFileReference; lastKnownFileType = sourcecode.swift; path = Options.swift; sourceTree = "<group>"; };
		CE4A6DAC2702289000458E9B /* Landing.History.Item.swift */ = {isa = PBXFileReference; lastKnownFileType = sourcecode.swift; path = Landing.History.Item.swift; sourceTree = "<group>"; };
		CE532769271B13FA005C55D5 /* Status.Item.swift */ = {isa = PBXFileReference; lastKnownFileType = sourcecode.swift; path = Status.Item.swift; sourceTree = "<group>"; };
		CE54E13A27133A390013541F /* Options.Content.Action.swift */ = {isa = PBXFileReference; lastKnownFileType = sourcecode.swift; path = Options.Content.Action.swift; sourceTree = "<group>"; };
		CE571DD02705DC270032C8A8 /* Options.Content.Control.swift */ = {isa = PBXFileReference; lastKnownFileType = sourcecode.swift; path = Options.Content.Control.swift; sourceTree = "<group>"; };
		CE63A0AF2719C34D00756E02 /* Settings.Navigation.swift */ = {isa = PBXFileReference; lastKnownFileType = sourcecode.swift; path = Settings.Navigation.swift; sourceTree = "<group>"; };
		CE63A0B32719CCB800756E02 /* Settings.Javascript.swift */ = {isa = PBXFileReference; lastKnownFileType = sourcecode.swift; path = Settings.Javascript.swift; sourceTree = "<group>"; };
		CE63A0B52719CD6E00756E02 /* Settings.Location.swift */ = {isa = PBXFileReference; lastKnownFileType = sourcecode.swift; path = Settings.Location.swift; sourceTree = "<group>"; };
		CE63A0B72719CF6F00756E02 /* Settings.Browser.swift */ = {isa = PBXFileReference; lastKnownFileType = sourcecode.swift; path = Settings.Browser.swift; sourceTree = "<group>"; };
		CE63F093271453CC00918E54 /* Options.Share.swift */ = {isa = PBXFileReference; lastKnownFileType = sourcecode.swift; path = Options.Share.swift; sourceTree = "<group>"; };
		CE6FE9A627031D9C00403ADA /* Icon.swift */ = {isa = PBXFileReference; lastKnownFileType = sourcecode.swift; path = Icon.swift; sourceTree = "<group>"; };
		CE6FE9A827031FCB00403ADA /* Landing.History.Item.Remote.swift */ = {isa = PBXFileReference; lastKnownFileType = sourcecode.swift; path = Landing.History.Item.Remote.swift; sourceTree = "<group>"; };
		CE6FE9AA2703345C00403ADA /* Tabs.Item.swift */ = {isa = PBXFileReference; lastKnownFileType = sourcecode.swift; path = Tabs.Item.swift; sourceTree = "<group>"; };
		CE7DAB7526FB42DF00BEAA0F /* Int.swift */ = {isa = PBXFileReference; lastKnownFileType = sourcecode.swift; path = Int.swift; sourceTree = "<group>"; };
		CE7DAB7726FB49CE00BEAA0F /* UIApplication.swift */ = {isa = PBXFileReference; lastKnownFileType = sourcecode.swift; path = UIApplication.swift; sourceTree = "<group>"; };
		CE80B8B7271EDE5E001A7BEC /* Forget.swift */ = {isa = PBXFileReference; lastKnownFileType = sourcecode.swift; path = Forget.swift; sourceTree = "<group>"; };
		CE8422C627171D83007D7A0B /* Recover.swift */ = {isa = PBXFileReference; lastKnownFileType = sourcecode.swift; path = Recover.swift; sourceTree = "<group>"; };
		CE862AA6270C869F0039630B /* Webview.Code.swift */ = {isa = PBXFileReference; lastKnownFileType = sourcecode.swift; path = Webview.Code.swift; sourceTree = "<group>"; };
		CE8AF27B26FF698A00F6655F /* Global.swift */ = {isa = PBXFileReference; lastKnownFileType = sourcecode.swift; path = Global.swift; sourceTree = "<group>"; };
		CE8DFC1C2707424D00229E92 /* History.swift */ = {isa = PBXFileReference; lastKnownFileType = sourcecode.swift; path = History.swift; sourceTree = "<group>"; };
		CE90BB17271B363200F59AF6 /* Window.swift */ = {isa = PBXFileReference; lastKnownFileType = sourcecode.swift; path = Window.swift; sourceTree = "<group>"; };
		CE91AA24270878E10061A512 /* Landing.Edit.Content.Item.swift */ = {isa = PBXFileReference; lastKnownFileType = sourcecode.swift; path = Landing.Edit.Content.Item.swift; sourceTree = "<group>"; };
		CE91AA26270882790061A512 /* Landing.Edit.Representable.swift */ = {isa = PBXFileReference; lastKnownFileType = sourcecode.swift; path = Landing.Edit.Representable.swift; sourceTree = "<group>"; };
		CE9424EA270F4A06002225CE /* Activity.swift */ = {isa = PBXFileReference; lastKnownFileType = sourcecode.swift; path = Activity.swift; sourceTree = "<group>"; };
		CE99B050272167660077BAC6 /* Plus.Banner.Model.swift */ = {isa = PBXFileReference; lastKnownFileType = sourcecode.swift; path = Plus.Banner.Model.swift; sourceTree = "<group>"; };
		CE9B636F26FC8B6200CD4DCE /* Search.swift */ = {isa = PBXFileReference; lastKnownFileType = sourcecode.swift; path = Search.swift; sourceTree = "<group>"; };
		CE9B637126FC8BA700CD4DCE /* Search.Representable.swift */ = {isa = PBXFileReference; lastKnownFileType = sourcecode.swift; path = Search.Representable.swift; sourceTree = "<group>"; };
		CE9B637526FCA05800CD4DCE /* Search.Header.swift */ = {isa = PBXFileReference; lastKnownFileType = sourcecode.swift; path = Search.Header.swift; sourceTree = "<group>"; };
		CE9B93EF26F89BA6005E1D7F /* Tab.swift */ = {isa = PBXFileReference; lastKnownFileType = sourcecode.swift; path = Tab.swift; sourceTree = "<group>"; };
		CE9B93F126F89E6D005E1D7F /* Tabs.swift */ = {isa = PBXFileReference; lastKnownFileType = sourcecode.swift; path = Tabs.swift; sourceTree = "<group>"; };
		CE9B93F326F89F1E005E1D7F /* Navigation.swift */ = {isa = PBXFileReference; lastKnownFileType = sourcecode.swift; path = Navigation.swift; sourceTree = "<group>"; };
		CE9DFA0C2706136500D69810 /* Settings.swift */ = {isa = PBXFileReference; lastKnownFileType = sourcecode.swift; path = Settings.swift; sourceTree = "<group>"; };
		CE9DFA0E27061D5400D69810 /* Copy.swift */ = {isa = PBXFileReference; lastKnownFileType = sourcecode.swift; path = Copy.swift; sourceTree = "<group>"; };
		CE9DFA102706275C00D69810 /* Landing.Bookmarks.Item.swift */ = {isa = PBXFileReference; lastKnownFileType = sourcecode.swift; path = Landing.Bookmarks.Item.swift; sourceTree = "<group>"; };
		CE9DFA122706285B00D69810 /* Landing.Bookmarks.Item.Remote.swift */ = {isa = PBXFileReference; lastKnownFileType = sourcecode.swift; path = Landing.Bookmarks.Item.Remote.swift; sourceTree = "<group>"; };
		CEA169DF271059CD00173AE7 /* Timeline.swift */ = {isa = PBXFileReference; lastKnownFileType = sourcecode.swift; path = Timeline.swift; sourceTree = "<group>"; };
		CEAAFB2027009BB900149F0C /* iOS.entitlements */ = {isa = PBXFileReference; lastKnownFileType = text.plist.entitlements; path = iOS.entitlements; sourceTree = "<group>"; };
		CEAAFB2227009BE100149F0C /* StoreKit.framework */ = {isa = PBXFileReference; lastKnownFileType = wrapper.framework; name = StoreKit.framework; path = Platforms/iPhoneOS.platform/Developer/SDKs/iPhoneOS15.0.sdk/System/Library/Frameworks/StoreKit.framework; sourceTree = DEVELOPER_DIR; };
		CEAAFB2427009C1E00149F0C /* CloudKit.framework */ = {isa = PBXFileReference; lastKnownFileType = wrapper.framework; name = CloudKit.framework; path = Platforms/iPhoneOS.platform/Developer/SDKs/iPhoneOS15.0.sdk/System/Library/Frameworks/CloudKit.framework; sourceTree = DEVELOPER_DIR; };
		CEAAFB2627009E4000149F0C /* App.Delegate.swift */ = {isa = PBXFileReference; lastKnownFileType = sourcecode.swift; path = App.Delegate.swift; sourceTree = "<group>"; };
		CEAAFB2827009E9600149F0C /* Store.State.swift */ = {isa = PBXFileReference; fileEncoding = 4; lastKnownFileType = sourcecode.swift; path = Store.State.swift; sourceTree = "<group>"; };
		CEAAFB2927009E9600149F0C /* UNUserNotificationCenter.swift */ = {isa = PBXFileReference; fileEncoding = 4; lastKnownFileType = sourcecode.swift; path = UNUserNotificationCenter.swift; sourceTree = "<group>"; };
		CEAAFB2A27009E9600149F0C /* Store.swift */ = {isa = PBXFileReference; fileEncoding = 4; lastKnownFileType = sourcecode.swift; path = Store.swift; sourceTree = "<group>"; };
		CEAAFB2E27009ED400149F0C /* Transaction.swift */ = {isa = PBXFileReference; fileEncoding = 4; lastKnownFileType = sourcecode.swift; path = Transaction.swift; sourceTree = "<group>"; };
		CED63AE927047E5A001C8183 /* Options.Representable.swift */ = {isa = PBXFileReference; lastKnownFileType = sourcecode.swift; path = Options.Representable.swift; sourceTree = "<group>"; };
		CED63AEB27048150001C8183 /* Options.Content.swift */ = {isa = PBXFileReference; lastKnownFileType = sourcecode.swift; path = Options.Content.swift; sourceTree = "<group>"; };
		CEF5548226FDD4F000FE0E9C /* Webview.swift */ = {isa = PBXFileReference; fileEncoding = 4; lastKnownFileType = sourcecode.swift; path = Webview.swift; sourceTree = "<group>"; };
		CEF5548726FDD4FA00FE0E9C /* Web.swift */ = {isa = PBXFileReference; fileEncoding = 4; lastKnownFileType = sourcecode.swift; path = Web.swift; sourceTree = "<group>"; };
		CEFEAAAC272069210073149D /* Plus.Banner.Particle.swift */ = {isa = PBXFileReference; lastKnownFileType = sourcecode.swift; path = Plus.Banner.Particle.swift; sourceTree = "<group>"; };
		CEFEAAAE27206F9B0073149D /* Plus.Banner.Shine.swift */ = {isa = PBXFileReference; lastKnownFileType = sourcecode.swift; path = Plus.Banner.Shine.swift; sourceTree = "<group>"; };
/* End PBXFileReference section */

/* Begin PBXFrameworksBuildPhase section */
		CE46B4D726F797F600A5B5BB /* Frameworks */ = {
			isa = PBXFrameworksBuildPhase;
			buildActionMask = 2147483647;
			files = (
				CEAAFB2527009C1E00149F0C /* CloudKit.framework in Frameworks */,
				CE46B4EE26F7993A00A5B5BB /* Specs in Frameworks */,
				CEAAFB2327009BE100149F0C /* StoreKit.framework in Frameworks */,
			);
			runOnlyForDeploymentPostprocessing = 0;
		};
/* End PBXFrameworksBuildPhase section */

/* Begin PBXGroup section */
		CE46B4CF26F797E900A5B5BB = {
			isa = PBXGroup;
			children = (
				CEAAFB2127009BE100149F0C /* Frameworks */,
				CE46B4DC26F797F600A5B5BB /* iOS */,
				CE46B4DB26F797F600A5B5BB /* Products */,
				CE46B4E926F7980000A5B5BB /* Shared */,
			);
			sourceTree = "<group>";
		};
		CE46B4DB26F797F600A5B5BB /* Products */ = {
			isa = PBXGroup;
			children = (
				CE46B4DA26F797F600A5B5BB /* Privacy.app */,
			);
			name = Products;
			sourceTree = "<group>";
		};
		CE46B4DC26F797F600A5B5BB /* iOS */ = {
			isa = PBXGroup;
			children = (
				CEAAFB2027009BB900149F0C /* iOS.entitlements */,
				CE46B4EF26F79B2200A5B5BB /* Info.plist */,
				CE22EAF72720224E00A9B29B /* About.swift */,
				CE4047E82707115800E101D1 /* Action.swift */,
				CE9424EA270F4A06002225CE /* Activity.swift */,
				CEAAFB2627009E4000149F0C /* App.Delegate.swift */,
				CE46B4DD26F797F600A5B5BB /* App.swift */,
				CE470A6526FA0AEB002D560A /* Bar.swift */,
				CE4047EA270721C000E101D1 /* Bookmarks.swift */,
				CE470A6926FA10CB002D560A /* Card.swift */,
				CE398B6F2715893200029FFC /* Find.swift */,
				CE8DFC1C2707424D00229E92 /* History.swift */,
				CE6FE9A627031D9C00403ADA /* Icon.swift */,
				CE22EAF927202EAF00A9B29B /* Info.swift */,
				CE7DAB7526FB42DF00BEAA0F /* Int.swift */,
				CE470A6E26FA2284002D560A /* Landing.Activity.swift */,
				CE1ECE41271B229E00A4329A /* Landing.Bookmarks.Item.Other.swift */,
				CE9DFA122706285B00D69810 /* Landing.Bookmarks.Item.Remote.swift */,
				CE9DFA102706275C00D69810 /* Landing.Bookmarks.Item.swift */,
				CE17244E26F9094700C2CED5 /* Landing.Bookmarks.swift */,
				CE91AA24270878E10061A512 /* Landing.Edit.Content.Item.swift */,
				CE0F2D4827074C5400B63060 /* Landing.Edit.Content.swift */,
				CE91AA26270882790061A512 /* Landing.Edit.Representable.swift */,
				CE480E33271C802C00774E5C /* Landing.Edit.swift */,
				CE6FE9A827031FCB00403ADA /* Landing.History.Item.Remote.swift */,
				CE4A6DAC2702289000458E9B /* Landing.History.Item.swift */,
				CE17245026F909AC00C2CED5 /* Landing.History.swift */,
				CE470A6326F9DE8F002D560A /* Landing.Section.swift */,
				CE17244A26F8EEA500C2CED5 /* Landing.swift */,
				CE470A6726FA0F3C002D560A /* Landing.Trackers.swift */,
				CE4047F0270726BA00E101D1 /* Listed.Remote.swift */,
				CE4047EC2707235000E101D1 /* Listed.swift */,
				CE9B93F326F89F1E005E1D7F /* Navigation.swift */,
				CE54E13A27133A390013541F /* Options.Content.Action.swift */,
				CE571DD02705DC270032C8A8 /* Options.Content.Control.swift */,
				CED63AEB27048150001C8183 /* Options.Content.swift */,
				CED63AE927047E5A001C8183 /* Options.Representable.swift */,
				CE63F093271453CC00918E54 /* Options.Share.swift */,
				CE480E35271C835000774E5C /* Options.swift */,
				CE99B050272167660077BAC6 /* Plus.Banner.Model.swift */,
				CEFEAAAC272069210073149D /* Plus.Banner.Particle.swift */,
				CEFEAAAE27206F9B0073149D /* Plus.Banner.Shine.swift */,
				CE22EAFD2720390400A9B29B /* Plus.Banner.swift */,
				CE22EAFB272037BE00A9B29B /* Plus.swift */,
				CE8422C627171D83007D7A0B /* Recover.swift */,
				CE9B637526FCA05800CD4DCE /* Search.Header.swift */,
				CE3B64FD27199CD10040AD0A /* Search.Item.swift */,
				CE9B637126FC8BA700CD4DCE /* Search.Representable.swift */,
				CE9B636F26FC8B6200CD4DCE /* Search.swift */,
				CE63A0B72719CF6F00756E02 /* Settings.Browser.swift */,
				CE3B65012719B23A0040AD0A /* Settings.Features.swift */,
				CE63A0B32719CCB800756E02 /* Settings.Javascript.swift */,
				CE63A0B52719CD6E00756E02 /* Settings.Location.swift */,
				CE63A0AF2719C34D00756E02 /* Settings.Navigation.swift */,
				CE3B64FF2719B1B60040AD0A /* Settings.Notifications.swift */,
				CE9DFA0C2706136500D69810 /* Settings.swift */,
				CE4047E627070BD800E101D1 /* Sidebar.swift */,
				CE17244826F8E9B300C2CED5 /* Status.Flow.swift */,
				CE532769271B13FA005C55D5 /* Status.Item.swift */,
				CE1D9C3126FB6883004F8B6B /* Status.swift */,
				CE0816542705C56B00E2D44E /* Tab.Loading.swift */,
				CE9B93EF26F89BA6005E1D7F /* Tab.swift */,
				CE6FE9AA2703345C00403ADA /* Tabs.Item.swift */,
				CE9B93F126F89E6D005E1D7F /* Tabs.swift */,
				CEA169DF271059CD00173AE7 /* Timeline.swift */,
				CE383745270DD0FC006A8FE7 /* Trackers.swift */,
				CE7DAB7726FB49CE00BEAA0F /* UIApplication.swift */,
				CE4047EE2707247400E101D1 /* UIImage.swift */,
				CEF5548726FDD4FA00FE0E9C /* Web.swift */,
				CE90BB17271B363200F59AF6 /* Window.swift */,
				CE46B4E126F797F700A5B5BB /* Assets.xcassets */,
			);
			path = iOS;
			sourceTree = "<group>";
		};
		CE46B4E926F7980000A5B5BB /* Shared */ = {
			isa = PBXGroup;
			children = (
				CE9DFA0E27061D5400D69810 /* Copy.swift */,
				CE80B8B7271EDE5E001A7BEC /* Forget.swift */,
				CE8AF27B26FF698A00F6655F /* Global.swift */,
				CEAAFB2827009E9600149F0C /* Store.State.swift */,
				CEAAFB2A27009E9600149F0C /* Store.swift */,
				CEAAFB2E27009ED400149F0C /* Transaction.swift */,
				CEAAFB2927009E9600149F0C /* UNUserNotificationCenter.swift */,
				CE862AA6270C869F0039630B /* Webview.Code.swift */,
				CEF5548226FDD4F000FE0E9C /* Webview.swift */,
				CE46B4EA26F7982200A5B5BB /* Colours.xcassets */,
				CE470A6C26FA1DB2002D560A /* Images.xcassets */,
			);
			path = Shared;
			sourceTree = "<group>";
		};
		CEAAFB2127009BE100149F0C /* Frameworks */ = {
			isa = PBXGroup;
			children = (
				CEAAFB2427009C1E00149F0C /* CloudKit.framework */,
				CEAAFB2227009BE100149F0C /* StoreKit.framework */,
			);
			name = Frameworks;
			sourceTree = "<group>";
		};
/* End PBXGroup section */

/* Begin PBXNativeTarget section */
		CE46B4D926F797F600A5B5BB /* iOS */ = {
			isa = PBXNativeTarget;
			buildConfigurationList = CE46B4E626F797F700A5B5BB /* Build configuration list for PBXNativeTarget "iOS" */;
			buildPhases = (
				CE46B4D626F797F600A5B5BB /* Sources */,
				CE46B4D726F797F600A5B5BB /* Frameworks */,
				CE46B4D826F797F600A5B5BB /* Resources */,
			);
			buildRules = (
			);
			dependencies = (
			);
			name = iOS;
			packageProductDependencies = (
				CE46B4ED26F7993A00A5B5BB /* Specs */,
			);
			productName = iOS;
			productReference = CE46B4DA26F797F600A5B5BB /* Privacy.app */;
			productType = "com.apple.product-type.application";
		};
/* End PBXNativeTarget section */

/* Begin PBXProject section */
		CE46B4D026F797E900A5B5BB /* Project object */ = {
			isa = PBXProject;
			attributes = {
				BuildIndependentTargetsInParallel = 1;
				LastSwiftUpdateCheck = 1300;
				LastUpgradeCheck = 1300;
				TargetAttributes = {
					CE46B4D926F797F600A5B5BB = {
						CreatedOnToolsVersion = 13.0;
					};
				};
			};
			buildConfigurationList = CE46B4D326F797E900A5B5BB /* Build configuration list for PBXProject "Privacy" */;
			compatibilityVersion = "Xcode 13.0";
			developmentRegion = en;
			hasScannedForEncodings = 0;
			knownRegions = (
				en,
				Base,
			);
			mainGroup = CE46B4CF26F797E900A5B5BB;
			packageReferences = (
				CE46B4EC26F7993A00A5B5BB /* XCRemoteSwiftPackageReference "specs" */,
			);
			productRefGroup = CE46B4DB26F797F600A5B5BB /* Products */;
			projectDirPath = "";
			projectRoot = "";
			targets = (
				CE46B4D926F797F600A5B5BB /* iOS */,
			);
		};
/* End PBXProject section */

/* Begin PBXResourcesBuildPhase section */
		CE46B4D826F797F600A5B5BB /* Resources */ = {
			isa = PBXResourcesBuildPhase;
			buildActionMask = 2147483647;
			files = (
				CE470A6D26FA1DB2002D560A /* Images.xcassets in Resources */,
				CE46B4EB26F7982200A5B5BB /* Colours.xcassets in Resources */,
				CE46B4E226F797F700A5B5BB /* Assets.xcassets in Resources */,
			);
			runOnlyForDeploymentPostprocessing = 0;
		};
/* End PBXResourcesBuildPhase section */

/* Begin PBXSourcesBuildPhase section */
		CE46B4D626F797F600A5B5BB /* Sources */ = {
			isa = PBXSourcesBuildPhase;
			buildActionMask = 2147483647;
			files = (
				CEAAFB2B27009E9600149F0C /* Store.State.swift in Sources */,
				CE862AA7270C869F0039630B /* Webview.Code.swift in Sources */,
				CE7DAB7826FB49CE00BEAA0F /* UIApplication.swift in Sources */,
				CE4047ED2707235000E101D1 /* Listed.swift in Sources */,
				CE9DFA112706275C00D69810 /* Landing.Bookmarks.Item.swift in Sources */,
				CE9B637226FC8BA700CD4DCE /* Search.Representable.swift in Sources */,
				CE22EAFC272037BE00A9B29B /* Plus.swift in Sources */,
				CE3B65002719B1B60040AD0A /* Settings.Notifications.swift in Sources */,
				CE470A6A26FA10CB002D560A /* Card.swift in Sources */,
				CE63A0B62719CD6E00756E02 /* Settings.Location.swift in Sources */,
				CED63AEA27047E5A001C8183 /* Options.Representable.swift in Sources */,
				CE6FE9A927031FCB00403ADA /* Landing.History.Item.Remote.swift in Sources */,
				CE470A6626FA0AEB002D560A /* Bar.swift in Sources */,
				CE63A0B82719CF6F00756E02 /* Settings.Browser.swift in Sources */,
				CE398B702715893200029FFC /* Find.swift in Sources */,
				CE4047EF2707247400E101D1 /* UIImage.swift in Sources */,
				CE9DFA132706285B00D69810 /* Landing.Bookmarks.Item.Remote.swift in Sources */,
				CE3B64FE27199CD10040AD0A /* Search.Item.swift in Sources */,
				CEF5548926FDD4FA00FE0E9C /* Web.swift in Sources */,
				CEAAFB2C27009E9600149F0C /* UNUserNotificationCenter.swift in Sources */,
				CE46B4DE26F797F600A5B5BB /* App.swift in Sources */,
				CE63A0B42719CCB800756E02 /* Settings.Javascript.swift in Sources */,
				CE91AA25270878E10061A512 /* Landing.Edit.Content.Item.swift in Sources */,
				CE80B8B8271EDE5E001A7BEC /* Forget.swift in Sources */,
				CE9B637626FCA05800CD4DCE /* Search.Header.swift in Sources */,
				CE9DFA0F27061D5400D69810 /* Copy.swift in Sources */,
				CE571DD12705DC270032C8A8 /* Options.Content.Control.swift in Sources */,
				CE7DAB7626FB42DF00BEAA0F /* Int.swift in Sources */,
				CE17245126F909AC00C2CED5 /* Landing.History.swift in Sources */,
				CEF5548426FDD4F000FE0E9C /* Webview.swift in Sources */,
				CE9B93F026F89BA6005E1D7F /* Tab.swift in Sources */,
				CEAAFB2D27009E9600149F0C /* Store.swift in Sources */,
				CE9B93F226F89E6D005E1D7F /* Tabs.swift in Sources */,
				CE63A0B02719C34D00756E02 /* Settings.Navigation.swift in Sources */,
				CE1D9C3226FB6883004F8B6B /* Status.swift in Sources */,
				CE17244F26F9094700C2CED5 /* Landing.Bookmarks.swift in Sources */,
				CE0816552705C56B00E2D44E /* Tab.Loading.swift in Sources */,
				CE9424EB270F4A06002225CE /* Activity.swift in Sources */,
				CE99B051272167660077BAC6 /* Plus.Banner.Model.swift in Sources */,
				CE63F094271453CC00918E54 /* Options.Share.swift in Sources */,
				CE8422C727171D83007D7A0B /* Recover.swift in Sources */,
				CE470A6F26FA2284002D560A /* Landing.Activity.swift in Sources */,
				CE470A6426F9DE8F002D560A /* Landing.Section.swift in Sources */,
				CE383746270DD0FC006A8FE7 /* Trackers.swift in Sources */,
				CE4047E92707115800E101D1 /* Action.swift in Sources */,
				CE6FE9A727031D9C00403ADA /* Icon.swift in Sources */,
				CE480E34271C802C00774E5C /* Landing.Edit.swift in Sources */,
				CEAAFB2F27009ED400149F0C /* Transaction.swift in Sources */,
				CE4047E727070BD800E101D1 /* Sidebar.swift in Sources */,
				CE54E13B27133A390013541F /* Options.Content.Action.swift in Sources */,
				CEA169E0271059CD00173AE7 /* Timeline.swift in Sources */,
				CE91AA27270882790061A512 /* Landing.Edit.Representable.swift in Sources */,
				CE8DFC1D2707424D00229E92 /* History.swift in Sources */,
				CE4A6DAD2702289000458E9B /* Landing.History.Item.swift in Sources */,
				CE90BB18271B363200F59AF6 /* Window.swift in Sources */,
				CE480E36271C835000774E5C /* Options.swift in Sources */,
				CE3B65022719B23A0040AD0A /* Settings.Features.swift in Sources */,
				CE8AF27C26FF698A00F6655F /* Global.swift in Sources */,
				CE17244926F8E9B300C2CED5 /* Status.Flow.swift in Sources */,
				CE22EAFA27202EAF00A9B29B /* Info.swift in Sources */,
				CEFEAAAF27206F9B0073149D /* Plus.Banner.Shine.swift in Sources */,
				CED63AEC27048150001C8183 /* Options.Content.swift in Sources */,
				CE53276A271B13FA005C55D5 /* Status.Item.swift in Sources */,
				CE17244B26F8EEA500C2CED5 /* Landing.swift in Sources */,
				CE9DFA0D2706136500D69810 /* Settings.swift in Sources */,
				CE22EAF82720224F00A9B29B /* About.swift in Sources */,
				CEAAFB2727009E4000149F0C /* App.Delegate.swift in Sources */,
				CE4047EB270721C000E101D1 /* Bookmarks.swift in Sources */,
				CEFEAAAD272069210073149D /* Plus.Banner.Particle.swift in Sources */,
				CE6FE9AB2703345C00403ADA /* Tabs.Item.swift in Sources */,
				CE9B93F426F89F1E005E1D7F /* Navigation.swift in Sources */,
				CE9B637026FC8B6200CD4DCE /* Search.swift in Sources */,
				CE4047F1270726BA00E101D1 /* Listed.Remote.swift in Sources */,
				CE470A6826FA0F3C002D560A /* Landing.Trackers.swift in Sources */,
				CE1ECE42271B229E00A4329A /* Landing.Bookmarks.Item.Other.swift in Sources */,
				CE22EAFE2720390400A9B29B /* Plus.Banner.swift in Sources */,
				CE0F2D4927074C5400B63060 /* Landing.Edit.Content.swift in Sources */,
			);
			runOnlyForDeploymentPostprocessing = 0;
		};
/* End PBXSourcesBuildPhase section */

/* Begin XCBuildConfiguration section */
		CE46B4D426F797E900A5B5BB /* Debug */ = {
			isa = XCBuildConfiguration;
			buildSettings = {
				CLANG_ENABLE_MODULES = YES;
				CURRENT_PROJECT_VERSION = "$(MARKETING_VERSION)";
				DEBUG_INFORMATION_FORMAT = dwarf;
				ENABLE_BITCODE = YES;
				GCC_OPTIMIZATION_LEVEL = 0;
				IPHONEOS_DEPLOYMENT_TARGET = 15.0;
				MARKETING_VERSION = 1;
				PRODUCT_NAME = Privacy;
				SWIFT_INSTALL_OBJC_HEADER = NO;
				SWIFT_OPTIMIZATION_LEVEL = "-Onone";
				SWIFT_OPTIMIZE_OBJECT_LIFETIME = YES;
				SWIFT_VERSION = 5.0;
			};
			name = Debug;
		};
		CE46B4D526F797E900A5B5BB /* Release */ = {
			isa = XCBuildConfiguration;
			buildSettings = {
				CLANG_ENABLE_MODULES = YES;
				CURRENT_PROJECT_VERSION = "$(MARKETING_VERSION)";
				DEBUG_INFORMATION_FORMAT = "dwarf-with-dsym";
				ENABLE_BITCODE = YES;
				GCC_OPTIMIZATION_LEVEL = fast;
				IPHONEOS_DEPLOYMENT_TARGET = 15.0;
				MARKETING_VERSION = 1;
				PRODUCT_NAME = Privacy;
				SWIFT_COMPILATION_MODE = wholemodule;
				SWIFT_INSTALL_OBJC_HEADER = NO;
				SWIFT_OPTIMIZE_OBJECT_LIFETIME = YES;
				SWIFT_VERSION = 5.0;
			};
			name = Release;
		};
		CE46B4E726F797F700A5B5BB /* Debug */ = {
			isa = XCBuildConfiguration;
			buildSettings = {
				ALWAYS_SEARCH_USER_PATHS = NO;
				ASSETCATALOG_COMPILER_APPICON_NAME = AppIcon;
				ASSETCATALOG_COMPILER_GLOBAL_ACCENT_COLOR_NAME = AccentColor;
				CLANG_ANALYZER_NONNULL = YES;
				CLANG_ANALYZER_NUMBER_OBJECT_CONVERSION = YES_AGGRESSIVE;
				CLANG_CXX_LANGUAGE_STANDARD = "gnu++17";
				CLANG_CXX_LIBRARY = "libc++";
				CLANG_ENABLE_OBJC_ARC = YES;
				CLANG_ENABLE_OBJC_WEAK = YES;
				CLANG_WARN_BLOCK_CAPTURE_AUTORELEASING = YES;
				CLANG_WARN_BOOL_CONVERSION = YES;
				CLANG_WARN_COMMA = YES;
				CLANG_WARN_CONSTANT_CONVERSION = YES;
				CLANG_WARN_DEPRECATED_OBJC_IMPLEMENTATIONS = YES;
				CLANG_WARN_DIRECT_OBJC_ISA_USAGE = YES_ERROR;
				CLANG_WARN_DOCUMENTATION_COMMENTS = YES;
				CLANG_WARN_EMPTY_BODY = YES;
				CLANG_WARN_ENUM_CONVERSION = YES;
				CLANG_WARN_INFINITE_RECURSION = YES;
				CLANG_WARN_INT_CONVERSION = YES;
				CLANG_WARN_NON_LITERAL_NULL_CONVERSION = YES;
				CLANG_WARN_OBJC_IMPLICIT_RETAIN_SELF = YES;
				CLANG_WARN_OBJC_LITERAL_CONVERSION = YES;
				CLANG_WARN_OBJC_ROOT_CLASS = YES_ERROR;
				CLANG_WARN_QUOTED_INCLUDE_IN_FRAMEWORK_HEADER = YES;
				CLANG_WARN_RANGE_LOOP_ANALYSIS = YES;
				CLANG_WARN_STRICT_PROTOTYPES = YES;
				CLANG_WARN_SUSPICIOUS_MOVE = YES;
				CLANG_WARN_UNGUARDED_AVAILABILITY = YES_AGGRESSIVE;
				CLANG_WARN_UNREACHABLE_CODE = YES;
				CLANG_WARN__DUPLICATE_METHOD_MATCH = YES;
				CODE_SIGN_ENTITLEMENTS = iOS/iOS.entitlements;
				CODE_SIGN_IDENTITY = "iPhone Developer";
				CODE_SIGN_STYLE = Manual;
				COPY_PHASE_STRIP = NO;
				DEVELOPMENT_TEAM = 7AMWG3RLHN;
				ENABLE_STRICT_OBJC_MSGSEND = YES;
				ENABLE_TESTABILITY = YES;
				GCC_C_LANGUAGE_STANDARD = gnu11;
				GCC_DYNAMIC_NO_PIC = NO;
				GCC_NO_COMMON_BLOCKS = YES;
				GCC_PREPROCESSOR_DEFINITIONS = (
					"DEBUG=1",
					"$(inherited)",
				);
				GCC_WARN_64_TO_32_BIT_CONVERSION = YES;
				GCC_WARN_ABOUT_RETURN_TYPE = YES_ERROR;
				GCC_WARN_UNDECLARED_SELECTOR = YES;
				GCC_WARN_UNINITIALIZED_AUTOS = YES_AGGRESSIVE;
				GCC_WARN_UNUSED_FUNCTION = YES;
				GCC_WARN_UNUSED_VARIABLE = YES;
				GENERATE_INFOPLIST_FILE = YES;
				INFOPLIST_FILE = iOS/Info.plist;
				INFOPLIST_KEY_CFBundleDisplayName = Privacy;
				INFOPLIST_KEY_LSSupportsOpeningDocumentsInPlace = NO;
				INFOPLIST_KEY_NSLocationWhenInUseUsageDescription = "This website wants to access your location.";
				INFOPLIST_KEY_NSPhotoLibraryAddUsageDescription = "Save photos to your library";
				INFOPLIST_KEY_UIApplicationSceneManifest_Generation = YES;
				INFOPLIST_KEY_UIApplicationSupportsIndirectInputEvents = YES;
				INFOPLIST_KEY_UILaunchScreen_Generation = YES;
				INFOPLIST_KEY_UISupportedInterfaceOrientations = "UIInterfaceOrientationPortraitUpsideDown UIInterfaceOrientationLandscapeLeft UIInterfaceOrientationLandscapeRight UIInterfaceOrientationPortrait";
				INFOPLIST_KEY_UISupportedInterfaceOrientations_iPad = "UIInterfaceOrientationPortrait UIInterfaceOrientationPortraitUpsideDown UIInterfaceOrientationLandscapeLeft UIInterfaceOrientationLandscapeRight";
				INFOPLIST_KEY_UISupportedInterfaceOrientations_iPhone = "UIInterfaceOrientationPortrait UIInterfaceOrientationLandscapeLeft UIInterfaceOrientationLandscapeRight";
				LD_RUNPATH_SEARCH_PATHS = (
					"$(inherited)",
					"@executable_path/Frameworks",
				);
				MTL_ENABLE_DEBUG_INFO = INCLUDE_SOURCE;
				MTL_FAST_MATH = YES;
				ONLY_ACTIVE_ARCH = YES;
				PRODUCT_BUNDLE_IDENTIFIER = incognit;
				PROVISIONING_PROFILE_SPECIFIER = "Incognit dev";
				SDKROOT = iphoneos;
				SWIFT_ACTIVE_COMPILATION_CONDITIONS = DEBUG;
				SWIFT_EMIT_LOC_STRINGS = YES;
				TARGETED_DEVICE_FAMILY = "1,2";
			};
			name = Debug;
		};
		CE46B4E826F797F700A5B5BB /* Release */ = {
			isa = XCBuildConfiguration;
			buildSettings = {
				ALWAYS_SEARCH_USER_PATHS = NO;
				ASSETCATALOG_COMPILER_APPICON_NAME = AppIcon;
				ASSETCATALOG_COMPILER_GLOBAL_ACCENT_COLOR_NAME = AccentColor;
				CLANG_ANALYZER_NONNULL = YES;
				CLANG_ANALYZER_NUMBER_OBJECT_CONVERSION = YES_AGGRESSIVE;
				CLANG_CXX_LANGUAGE_STANDARD = "gnu++17";
				CLANG_CXX_LIBRARY = "libc++";
				CLANG_ENABLE_OBJC_ARC = YES;
				CLANG_ENABLE_OBJC_WEAK = YES;
				CLANG_WARN_BLOCK_CAPTURE_AUTORELEASING = YES;
				CLANG_WARN_BOOL_CONVERSION = YES;
				CLANG_WARN_COMMA = YES;
				CLANG_WARN_CONSTANT_CONVERSION = YES;
				CLANG_WARN_DEPRECATED_OBJC_IMPLEMENTATIONS = YES;
				CLANG_WARN_DIRECT_OBJC_ISA_USAGE = YES_ERROR;
				CLANG_WARN_DOCUMENTATION_COMMENTS = YES;
				CLANG_WARN_EMPTY_BODY = YES;
				CLANG_WARN_ENUM_CONVERSION = YES;
				CLANG_WARN_INFINITE_RECURSION = YES;
				CLANG_WARN_INT_CONVERSION = YES;
				CLANG_WARN_NON_LITERAL_NULL_CONVERSION = YES;
				CLANG_WARN_OBJC_IMPLICIT_RETAIN_SELF = YES;
				CLANG_WARN_OBJC_LITERAL_CONVERSION = YES;
				CLANG_WARN_OBJC_ROOT_CLASS = YES_ERROR;
				CLANG_WARN_QUOTED_INCLUDE_IN_FRAMEWORK_HEADER = YES;
				CLANG_WARN_RANGE_LOOP_ANALYSIS = YES;
				CLANG_WARN_STRICT_PROTOTYPES = YES;
				CLANG_WARN_SUSPICIOUS_MOVE = YES;
				CLANG_WARN_UNGUARDED_AVAILABILITY = YES_AGGRESSIVE;
				CLANG_WARN_UNREACHABLE_CODE = YES;
				CLANG_WARN__DUPLICATE_METHOD_MATCH = YES;
				CODE_SIGN_ENTITLEMENTS = iOS/iOS.entitlements;
				CODE_SIGN_IDENTITY = "iPhone Distribution";
				CODE_SIGN_STYLE = Manual;
				COPY_PHASE_STRIP = NO;
				DEVELOPMENT_TEAM = 7AMWG3RLHN;
				ENABLE_NS_ASSERTIONS = NO;
				ENABLE_STRICT_OBJC_MSGSEND = YES;
				GCC_C_LANGUAGE_STANDARD = gnu11;
				GCC_NO_COMMON_BLOCKS = YES;
				GCC_WARN_64_TO_32_BIT_CONVERSION = YES;
				GCC_WARN_ABOUT_RETURN_TYPE = YES_ERROR;
				GCC_WARN_UNDECLARED_SELECTOR = YES;
				GCC_WARN_UNINITIALIZED_AUTOS = YES_AGGRESSIVE;
				GCC_WARN_UNUSED_FUNCTION = YES;
				GCC_WARN_UNUSED_VARIABLE = YES;
				GENERATE_INFOPLIST_FILE = YES;
				INFOPLIST_FILE = iOS/Info.plist;
				INFOPLIST_KEY_CFBundleDisplayName = Privacy;
				INFOPLIST_KEY_LSSupportsOpeningDocumentsInPlace = NO;
				INFOPLIST_KEY_NSLocationWhenInUseUsageDescription = "This website wants to access your location.";
				INFOPLIST_KEY_NSPhotoLibraryAddUsageDescription = "Save photos to your library";
				INFOPLIST_KEY_UIApplicationSceneManifest_Generation = YES;
				INFOPLIST_KEY_UIApplicationSupportsIndirectInputEvents = YES;
				INFOPLIST_KEY_UILaunchScreen_Generation = YES;
				INFOPLIST_KEY_UISupportedInterfaceOrientations = "UIInterfaceOrientationPortraitUpsideDown UIInterfaceOrientationLandscapeLeft UIInterfaceOrientationLandscapeRight UIInterfaceOrientationPortrait";
				INFOPLIST_KEY_UISupportedInterfaceOrientations_iPad = "UIInterfaceOrientationPortrait UIInterfaceOrientationPortraitUpsideDown UIInterfaceOrientationLandscapeLeft UIInterfaceOrientationLandscapeRight";
				INFOPLIST_KEY_UISupportedInterfaceOrientations_iPhone = "UIInterfaceOrientationPortrait UIInterfaceOrientationLandscapeLeft UIInterfaceOrientationLandscapeRight";
				LD_RUNPATH_SEARCH_PATHS = (
					"$(inherited)",
					"@executable_path/Frameworks",
				);
				MTL_ENABLE_DEBUG_INFO = NO;
				MTL_FAST_MATH = YES;
				PRODUCT_BUNDLE_IDENTIFIER = incognit;
				PROVISIONING_PROFILE_SPECIFIER = "Incognit store";
				SDKROOT = iphoneos;
				SWIFT_EMIT_LOC_STRINGS = YES;
				TARGETED_DEVICE_FAMILY = "1,2";
				VALIDATE_PRODUCT = YES;
			};
			name = Release;
		};
/* End XCBuildConfiguration section */

/* Begin XCConfigurationList section */
		CE46B4D326F797E900A5B5BB /* Build configuration list for PBXProject "Privacy" */ = {
			isa = XCConfigurationList;
			buildConfigurations = (
				CE46B4D426F797E900A5B5BB /* Debug */,
				CE46B4D526F797E900A5B5BB /* Release */,
			);
			defaultConfigurationIsVisible = 0;
			defaultConfigurationName = Release;
		};
		CE46B4E626F797F700A5B5BB /* Build configuration list for PBXNativeTarget "iOS" */ = {
			isa = XCConfigurationList;
			buildConfigurations = (
				CE46B4E726F797F700A5B5BB /* Debug */,
				CE46B4E826F797F700A5B5BB /* Release */,
			);
			defaultConfigurationIsVisible = 0;
			defaultConfigurationName = Release;
		};
/* End XCConfigurationList section */

/* Begin XCRemoteSwiftPackageReference section */
		CE46B4EC26F7993A00A5B5BB /* XCRemoteSwiftPackageReference "specs" */ = {
			isa = XCRemoteSwiftPackageReference;
			repositoryURL = "https://github.com/privacy-inc/specs.git";
			requirement = {
				branch = main;
				kind = branch;
			};
		};
/* End XCRemoteSwiftPackageReference section */

/* Begin XCSwiftPackageProductDependency section */
		CE46B4ED26F7993A00A5B5BB /* Specs */ = {
			isa = XCSwiftPackageProductDependency;
			package = CE46B4EC26F7993A00A5B5BB /* XCRemoteSwiftPackageReference "specs" */;
			productName = Specs;
		};
/* End XCSwiftPackageProductDependency section */
	};
	rootObject = CE46B4D026F797E900A5B5BB /* Project object */;
}
